{
    "_meta": {
        "hash": {
            "sha256": "776f955afb03c86881d6f705a8023161f1168cbe04f210516c9f8b87e6f31c30"
        },
        "host-environment-markers": {
            "implementation_name": "cpython",
            "implementation_version": "3.6.3",
            "os_name": "posix",
            "platform_machine": "x86_64",
            "platform_python_implementation": "CPython",
            "platform_release": "17.3.0",
            "platform_system": "Darwin",
            "platform_version": "Darwin Kernel Version 17.3.0: Thu Nov  9 18:09:22 PST 2017; root:xnu-4570.31.3~1/RELEASE_X86_64",
            "python_full_version": "3.6.3",
            "python_version": "3.6",
            "sys_platform": "darwin"
        },
        "pipfile-spec": 6,
        "requires": {},
        "sources": [
            {
                "name": "pypi",
                "url": "https://pypi.python.org/simple",
                "verify_ssl": true
            }
        ]
    },
    "default": {
        "pyparsing": {
            "hashes": [
                "sha256:67101d7acee692962f33dd30b5dce079ff532dd9aa99ff48d52a3dad51d2fe84",
                "sha256:811c3e7b0031021137fc83e051795025fcb98674d07eb8fe922ba4de53d39188",
                "sha256:a27bf672302765ab04ed5c976dd44c55c0702f7a25a5e5e78bc91207d5b07da4",
                "sha256:0fef8411ad305909b1a679471d66f25ef4477f24666598deceb4bb640c2eb6c2",
                "sha256:a00f6e57bf4e2b3d999223d36c14d839f12145d5b1f12126124424e8c43d856e",
                "sha256:a163f9079b84da728e4967e3f36476ed168d86b2fc2f49c6e609125600f9d60b",
                "sha256:4fa446b1c36509e75d883a1a552b51dda9b82bfd914a24ded17ceb5d90b53cc5",
                "sha256:0aa6e8d8c3f9c447a95a33bb04b103ead630121c3f4233e2980348cecf8b69c8"
            ],
            "version": "==2.1.10"
        },
        "qiniu": {
            "hashes": [
                "sha256:644212399a9b5416fd0bf654bb9f19de6b550ac2d1edf81b65e2fdb0cec0ed20"
            ],
            "version": "==7.0.7"
        },
        "requests": {
            "hashes": [
                "sha256:09bc1b5f3a56cd8c48d433213a8cba51a67d12936568f73b5f1793fcb0c0979e",
                "sha256:63f1815788157130cee16a933b2ee184038e975f0017306d723ac326b5525b54"
            ],
            "version": "==2.10.0"
        }
    },
    "develop": {}
}
